
Microsoft Visual Studio Solution File, Format Version 12.00
Project("{FAE04EC0-301F-11D3-BF4B-00C04F79EFBC}") = "EcoSync", "EcoSync\EcoSync.csproj", "{238D919E-D8EE-4F9D-84EF-3DE4C7519C24}"
EndProject
Project("{2150E333-8FDC-42A3-9474-1A3956D46DE8}") = "Solution Items", "Solution Items", "{8D00FBCB-BAB7-4061-BE61-A0EF807510A9}"
	ProjectSection(SolutionItems) = preProject
		compose.yaml = compose.yaml
	EndProjectSection
EndProject
Global
	GlobalSection(SolutionConfigurationPlatforms) = preSolution
		Debug|Any CPU = Debug|Any CPU
		Release|Any CPU = Release|Any CPU
	EndGlobalSection
	GlobalSection(ProjectConfigurationPlatforms) = postSolution
		{238D919E-D8EE-4F9D-84EF-3DE4C7519C24}.Debug|Any CPU.ActiveCfg = Debug|Any CPU
		{238D919E-D8EE-4F9D-84EF-3DE4C7519C24}.Debug|Any CPU.Build.0 = Debug|Any CPU
		{238D919E-D8EE-4F9D-84EF-3DE4C7519C24}.Release|Any CPU.ActiveCfg = Release|Any CPU
		{238D919E-D8EE-4F9D-84EF-3DE4C7519C24}.Release|Any CPU.Build.0 = Release|Any CPU
	EndGlobalSection
EndGlobal
